
Microsoft Visual Studio Solution File, Format Version 12.00
# Visual Studio Version 16
VisualStudioVersion = 16.0.30503.244
MinimumVisualStudioVersion = 10.0.40219.1
Project("{FAE04EC0-301F-11D3-BF4B-00C04F79EFBC}") = "AssignmentN4", "AssignmentN4.csproj", "{70BD16F4-37B5-429A-B703-A577B469CA1D}"
EndProject
Global
	GlobalSection(SolutionConfigurationPlatforms) = preSolution
		Debug|Any CPU = Debug|Any CPU
		Release|Any CPU = Release|Any CPU
	EndGlobalSection
	GlobalSection(ProjectConfigurationPlatforms) = postSolution
		{70BD16F4-37B5-429A-B703-A577B469CA1D}.Debug|Any CPU.ActiveCfg = Debug|Any CPU
		{70BD16F4-37B5-429A-B703-A577B469CA1D}.Debug|Any CPU.Build.0 = Debug|Any CPU
		{70BD16F4-37B5-429A-B703-A577B469CA1D}.Release|Any CPU.ActiveCfg = Release|Any CPU
		{70BD16F4-37B5-429A-B703-A577B469CA1D}.Release|Any CPU.Build.0 = Release|Any CPU
	EndGlobalSection
	GlobalSection(SolutionProperties) = preSolution
		HideSolutionNode = FALSE
	EndGlobalSection
	GlobalSection(ExtensibilityGlobals) = postSolution
		SolutionGuid = {F276BE17-4204-43BB-A136-D7A6804CA504}
	EndGlobalSection
EndGlobal
